
Microsoft Visual Studio Solution File, Format Version 12.00
# Visual Studio 2013
VisualStudioVersion = 12.0.30723.0
MinimumVisualStudioVersion = 10.0.40219.1
Project("{8BC9CEB8-8B4A-11D0-8D11-00A0C91BC942}") = "task1", "task1\task1.vcxproj", "{D43E32B8-9F0A-4E61-8357-4E343D857CAD}"
EndProject
Global
	GlobalSection(SolutionConfigurationPlatforms) = preSolution
		Debug|Win32 = Debug|Win32
		Release|Win32 = Release|Win32
	EndGlobalSection
	GlobalSection(ProjectConfigurationPlatforms) = postSolution
		{D43E32B8-9F0A-4E61-8357-4E343D857CAD}.Debug|Win32.ActiveCfg = Debug|Win32
		{D43E32B8-9F0A-4E61-8357-4E343D857CAD}.Debug|Win32.Build.0 = Debug|Win32
		{D43E32B8-9F0A-4E61-8357-4E343D857CAD}.Release|Win32.ActiveCfg = Release|Win32
		{D43E32B8-9F0A-4E61-8357-4E343D857CAD}.Release|Win32.Build.0 = Release|Win32
	EndGlobalSection
	GlobalSection(SolutionProperties) = preSolution
		HideSolutionNode = FALSE
	EndGlobalSection
EndGlobal
